PODS:
  - NotificationBannerSwift (3.0.2)
  - Reveal-SDK (24)

DEPENDENCIES:
  - NotificationBannerSwift (from `../`)
  - Reveal-SDK

SPEC REPOS:
  trunk:
    - Reveal-SDK

EXTERNAL SOURCES:
  NotificationBannerSwift:
    :path: "../"

SPEC CHECKSUMS:
  NotificationBannerSwift: e4702d583351b06d956b399f9faad7890bebd5c4
  Reveal-SDK: 5d7e56b8f018c0a88b3a2c10bf68d598bbd3b071

PODFILE CHECKSUM: 9da8a8eebe6c6fde318fed3c4233a33c797d63ad

COCOAPODS: 1.9.1
